
Microsoft Visual Studio Solution File, Format Version 12.00
# Visual Studio 15
VisualStudioVersion = 15.0.28010.2019
MinimumVisualStudioVersion = 10.0.40219.1
Project("{9A19103F-16F7-4668-BE54-9A1E7A4F7556}") = "Plugin.Jobs", "Plugin.Jobs\Plugin.Jobs.csproj", "{0D9C9A4D-3899-4445-9F91-E68AFB01173C}"
EndProject
Project("{FAE04EC0-301F-11D3-BF4B-00C04F79EFBC}") = "Sample.Android", "Sample\Sample.Android\Sample.Android.csproj", "{110BCF40-0A00-4EFC-B2CD-00D70F325808}"
EndProject
Project("{FAE04EC0-301F-11D3-BF4B-00C04F79EFBC}") = "Sample.iOS", "Sample\Sample.iOS\Sample.iOS.csproj", "{535040E9-42F8-4AB3-BFDB-3E068EC88C28}"
EndProject
Project("{FAE04EC0-301F-11D3-BF4B-00C04F79EFBC}") = "Sample.UWP", "Sample\Sample.UWP\Sample.UWP.csproj", "{1FBD9A0C-D972-49C7-AC8B-48C8991FB19B}"
EndProject
Project("{9A19103F-16F7-4668-BE54-9A1E7A4F7556}") = "Sample", "Sample\Sample\Sample.csproj", "{0E410856-9421-47E2-BBC1-16D2D23A8E01}"
EndProject
Project("{2150E333-8FDC-42A3-9474-1A3956D46DE8}") = "Solution Items", "Solution Items", "{61E27DD8-956D-4D36-BC84-D6EC896CE8E1}"
	ProjectSection(SolutionItems) = preProject
		changelog.md = changelog.md
		ISSUE_TEMPLATE = ISSUE_TEMPLATE
		LICENSE.md = LICENSE.md
		nuget.exe = nuget.exe
		push.cmd = push.cmd
		readme.md = readme.md
	EndProjectSection
EndProject
Project("{9A19103F-16F7-4668-BE54-9A1E7A4F7556}") = "Plugin.Jobs.Tests", "Plugin.Jobs.Tests\Plugin.Jobs.Tests.csproj", "{9E24E237-156B-415C-8CF9-95162F5B3455}"
EndProject
Project("{FAE04EC0-301F-11D3-BF4B-00C04F79EFBC}") = "Plugin.Jobs.Autofac", "Plugin.Jobs.Autofac\Plugin.Jobs.Autofac.csproj", "{9EF58171-5906-4618-95AE-0DA06BFE52EC}"
EndProject
Global
	GlobalSection(SolutionConfigurationPlatforms) = preSolution
		Ad-Hoc|Any CPU = Ad-Hoc|Any CPU
		Ad-Hoc|ARM = Ad-Hoc|ARM
		Ad-Hoc|iPhone = Ad-Hoc|iPhone
		Ad-Hoc|iPhoneSimulator = Ad-Hoc|iPhoneSimulator
		Ad-Hoc|x64 = Ad-Hoc|x64
		Ad-Hoc|x86 = Ad-Hoc|x86
		AppStore|Any CPU = AppStore|Any CPU
		AppStore|ARM = AppStore|ARM
		AppStore|iPhone = AppStore|iPhone
		AppStore|iPhoneSimulator = AppStore|iPhoneSimulator
		AppStore|x64 = AppStore|x64
		AppStore|x86 = AppStore|x86
		Debug|Any CPU = Debug|Any CPU
		Debug|ARM = Debug|ARM
		Debug|iPhone = Debug|iPhone
		Debug|iPhoneSimulator = Debug|iPhoneSimulator
		Debug|x64 = Debug|x64
		Debug|x86 = Debug|x86
		Release|Any CPU = Release|Any CPU
		Release|ARM = Release|ARM
		Release|iPhone = Release|iPhone
		Release|iPhoneSimulator = Release|iPhoneSimulator
		Release|x64 = Release|x64
		Release|x86 = Release|x86
	EndGlobalSection
	GlobalSection(ProjectConfigurationPlatforms) = postSolution
		{0D9C9A4D-3899-4445-9F91-E68AFB01173C}.Ad-Hoc|Any CPU.ActiveCfg = Debug|Any CPU
		{0D9C9A4D-3899-4445-9F91-E68AFB01173C}.Ad-Hoc|Any CPU.Build.0 = Debug|Any CPU
		{0D9C9A4D-3899-4445-9F91-E68AFB01173C}.Ad-Hoc|ARM.ActiveCfg = Debug|Any CPU
		{0D9C9A4D-3899-4445-9F91-E68AFB01173C}.Ad-Hoc|ARM.Build.0 = Debug|Any CPU
		{0D9C9A4D-3899-4445-9F91-E68AFB01173C}.Ad-Hoc|iPhone.ActiveCfg = Debug|Any CPU
		{0D9C9A4D-3899-4445-9F91-E68AFB01173C}.Ad-Hoc|iPhone.Build.0 = Debug|Any CPU
		{0D9C9A4D-3899-4445-9F91-E68AFB01173C}.Ad-Hoc|iPhoneSimulator.ActiveCfg = Debug|Any CPU
		{0D9C9A4D-3899-4445-9F91-E68AFB01173C}.Ad-Hoc|iPhoneSimulator.Build.0 = Debug|Any CPU
		{0D9C9A4D-3899-4445-9F91-E68AFB01173C}.Ad-Hoc|x64.ActiveCfg = Debug|Any CPU
		{0D9C9A4D-3899-4445-9F91-E68AFB01173C}.Ad-Hoc|x64.Build.0 = Debug|Any CPU
		{0D9C9A4D-3899-4445-9F91-E68AFB01173C}.Ad-Hoc|x86.ActiveCfg = Debug|Any CPU
		{0D9C9A4D-3899-4445-9F91-E68AFB01173C}.Ad-Hoc|x86.Build.0 = Debug|Any CPU
		{0D9C9A4D-3899-4445-9F91-E68AFB01173C}.AppStore|Any CPU.ActiveCfg = Debug|Any CPU
		{0D9C9A4D-3899-4445-9F91-E68AFB01173C}.AppStore|Any CPU.Build.0 = Debug|Any CPU
		{0D9C9A4D-3899-4445-9F91-E68AFB01173C}.AppStore|ARM.ActiveCfg = Debug|Any CPU
		{0D9C9A4D-3899-4445-9F91-E68AFB01173C}.AppStore|ARM.Build.0 = Debug|Any CPU
		{0D9C9A4D-3899-4445-9F91-E68AFB01173C}.AppStore|iPhone.ActiveCfg = Debug|Any CPU
		{0D9C9A4D-3899-4445-9F91-E68AFB01173C}.AppStore|iPhone.Build.0 = Debug|Any CPU
		{0D9C9A4D-3899-4445-9F91-E68AFB01173C}.AppStore|iPhoneSimulator.ActiveCfg = Debug|Any CPU
		{0D9C9A4D-3899-4445-9F91-E68AFB01173C}.AppStore|iPhoneSimulator.Build.0 = Debug|Any CPU
		{0D9C9A4D-3899-4445-9F91-E68AFB01173C}.AppStore|x64.ActiveCfg = Debug|Any CPU
		{0D9C9A4D-3899-4445-9F91-E68AFB01173C}.AppStore|x64.Build.0 = Debug|Any CPU
		{0D9C9A4D-3899-4445-9F91-E68AFB01173C}.AppStore|x86.ActiveCfg = Debug|Any CPU
		{0D9C9A4D-3899-4445-9F91-E68AFB01173C}.AppStore|x86.Build.0 = Debug|Any CPU
		{0D9C9A4D-3899-4445-9F91-E68AFB01173C}.Debug|Any CPU.ActiveCfg = Debug|Any CPU
		{0D9C9A4D-3899-4445-9F91-E68AFB01173C}.Debug|Any CPU.Build.0 = Debug|Any CPU
		{0D9C9A4D-3899-4445-9F91-E68AFB01173C}.Debug|ARM.ActiveCfg = Debug|Any CPU
		{0D9C9A4D-3899-4445-9F91-E68AFB01173C}.Debug|ARM.Build.0 = Debug|Any CPU
		{0D9C9A4D-3899-4445-9F91-E68AFB01173C}.Debug|iPhone.ActiveCfg = Debug|Any CPU
		{0D9C9A4D-3899-4445-9F91-E68AFB01173C}.Debug|iPhone.Build.0 = Debug|Any CPU
		{0D9C9A4D-3899-4445-9F91-E68AFB01173C}.Debug|iPhoneSimulator.ActiveCfg = Debug|Any CPU
		{0D9C9A4D-3899-4445-9F91-E68AFB01173C}.Debug|iPhoneSimulator.Build.0 = Debug|Any CPU
		{0D9C9A4D-3899-4445-9F91-E68AFB01173C}.Debug|x64.ActiveCfg = Debug|Any CPU
		{0D9C9A4D-3899-4445-9F91-E68AFB01173C}.Debug|x64.Build.0 = Debug|Any CPU
		{0D9C9A4D-3899-4445-9F91-E68AFB01173C}.Debug|x86.ActiveCfg = Debug|Any CPU
		{0D9C9A4D-3899-4445-9F91-E68AFB01173C}.Debug|x86.Build.0 = Debug|Any CPU
		{0D9C9A4D-3899-4445-9F91-E68AFB01173C}.Release|Any CPU.ActiveCfg = Release|Any CPU
		{0D9C9A4D-3899-4445-9F91-E68AFB01173C}.Release|Any CPU.Build.0 = Release|Any CPU
		{0D9C9A4D-3899-4445-9F91-E68AFB01173C}.Release|ARM.ActiveCfg = Release|Any CPU
		{0D9C9A4D-3899-4445-9F91-E68AFB01173C}.Release|ARM.Build.0 = Release|Any CPU
		{0D9C9A4D-3899-4445-9F91-E68AFB01173C}.Release|iPhone.ActiveCfg = Release|Any CPU
		{0D9C9A4D-3899-4445-9F91-E68AFB01173C}.Release|iPhone.Build.0 = Release|Any CPU
		{0D9C9A4D-3899-4445-9F91-E68AFB01173C}.Release|iPhoneSimulator.ActiveCfg = Release|Any CPU
		{0D9C9A4D-3899-4445-9F91-E68AFB01173C}.Release|iPhoneSimulator.Build.0 = Release|Any CPU
		{0D9C9A4D-3899-4445-9F91-E68AFB01173C}.Release|x64.ActiveCfg = Release|Any CPU
		{0D9C9A4D-3899-4445-9F91-E68AFB01173C}.Release|x64.Build.0 = Release|Any CPU
		{0D9C9A4D-3899-4445-9F91-E68AFB01173C}.Release|x86.ActiveCfg = Release|Any CPU
		{0D9C9A4D-3899-4445-9F91-E68AFB01173C}.Release|x86.Build.0 = Release|Any CPU
		{110BCF40-0A00-4EFC-B2CD-00D70F325808}.Ad-Hoc|Any CPU.ActiveCfg = Release|Any CPU
		{110BCF40-0A00-4EFC-B2CD-00D70F325808}.Ad-Hoc|Any CPU.Build.0 = Release|Any CPU
		{110BCF40-0A00-4EFC-B2CD-00D70F325808}.Ad-Hoc|Any CPU.Deploy.0 = Release|Any CPU
		{110BCF40-0A00-4EFC-B2CD-00D70F325808}.Ad-Hoc|ARM.ActiveCfg = Release|Any CPU
		{110BCF40-0A00-4EFC-B2CD-00D70F325808}.Ad-Hoc|ARM.Build.0 = Release|Any CPU
		{110BCF40-0A00-4EFC-B2CD-00D70F325808}.Ad-Hoc|ARM.Deploy.0 = Release|Any CPU
		{110BCF40-0A00-4EFC-B2CD-00D70F325808}.Ad-Hoc|iPhone.ActiveCfg = Release|Any CPU
		{110BCF40-0A00-4EFC-B2CD-00D70F325808}.Ad-Hoc|iPhone.Build.0 = Release|Any CPU
		{110BCF40-0A00-4EFC-B2CD-00D70F325808}.Ad-Hoc|iPhone.Deploy.0 = Release|Any CPU
		{110BCF40-0A00-4EFC-B2CD-00D70F325808}.Ad-Hoc|iPhoneSimulator.ActiveCfg = Release|Any CPU
		{110BCF40-0A00-4EFC-B2CD-00D70F325808}.Ad-Hoc|iPhoneSimulator.Build.0 = Release|Any CPU
		{110BCF40-0A00-4EFC-B2CD-00D70F325808}.Ad-Hoc|iPhoneSimulator.Deploy.0 = Release|Any CPU
		{110BCF40-0A00-4EFC-B2CD-00D70F325808}.Ad-Hoc|x64.ActiveCfg = Release|Any CPU
		{110BCF40-0A00-4EFC-B2CD-00D70F325808}.Ad-Hoc|x64.Build.0 = Release|Any CPU
		{110BCF40-0A00-4EFC-B2CD-00D70F325808}.Ad-Hoc|x64.Deploy.0 = Release|Any CPU
		{110BCF40-0A00-4EFC-B2CD-00D70F325808}.Ad-Hoc|x86.ActiveCfg = Release|Any CPU
		{110BCF40-0A00-4EFC-B2CD-00D70F325808}.Ad-Hoc|x86.Build.0 = Release|Any CPU
		{110BCF40-0A00-4EFC-B2CD-00D70F325808}.Ad-Hoc|x86.Deploy.0 = Release|Any CPU
		{110BCF40-0A00-4EFC-B2CD-00D70F325808}.AppStore|Any CPU.ActiveCfg = Release|Any CPU
		{110BCF40-0A00-4EFC-B2CD-00D70F325808}.AppStore|Any CPU.Build.0 = Release|Any CPU
		{110BCF40-0A00-4EFC-B2CD-00D70F325808}.AppStore|Any CPU.Deploy.0 = Release|Any CPU
		{110BCF40-0A00-4EFC-B2CD-00D70F325808}.AppStore|ARM.ActiveCfg = Release|Any CPU
		{110BCF40-0A00-4EFC-B2CD-00D70F325808}.AppStore|ARM.Build.0 = Release|Any CPU
		{110BCF40-0A00-4EFC-B2CD-00D70F325808}.AppStore|ARM.Deploy.0 = Release|Any CPU
		{110BCF40-0A00-4EFC-B2CD-00D70F325808}.AppStore|iPhone.ActiveCfg = Release|Any CPU
		{110BCF40-0A00-4EFC-B2CD-00D70F325808}.AppStore|iPhone.Build.0 = Release|Any CPU
		{110BCF40-0A00-4EFC-B2CD-00D70F325808}.AppStore|iPhone.Deploy.0 = Release|Any CPU
		{110BCF40-0A00-4EFC-B2CD-00D70F325808}.AppStore|iPhoneSimulator.ActiveCfg = Release|Any CPU
		{110BCF40-0A00-4EFC-B2CD-00D70F325808}.AppStore|iPhoneSimulator.Build.0 = Release|Any CPU
		{110BCF40-0A00-4EFC-B2CD-00D70F325808}.AppStore|iPhoneSimulator.Deploy.0 = Release|Any CPU
		{110BCF40-0A00-4EFC-B2CD-00D70F325808}.AppStore|x64.ActiveCfg = Release|Any CPU
		{110BCF40-0A00-4EFC-B2CD-00D70F325808}.AppStore|x64.Build.0 = Release|Any CPU
		{110BCF40-0A00-4EFC-B2CD-00D70F325808}.AppStore|x64.Deploy.0 = Release|Any CPU
		{110BCF40-0A00-4EFC-B2CD-00D70F325808}.AppStore|x86.ActiveCfg = Release|Any CPU
		{110BCF40-0A00-4EFC-B2CD-00D70F325808}.AppStore|x86.Build.0 = Release|Any CPU
		{110BCF40-0A00-4EFC-B2CD-00D70F325808}.AppStore|x86.Deploy.0 = Release|Any CPU
		{110BCF40-0A00-4EFC-B2CD-00D70F325808}.Debug|Any CPU.ActiveCfg = Debug|Any CPU
		{110BCF40-0A00-4EFC-B2CD-00D70F325808}.Debug|Any CPU.Build.0 = Debug|Any CPU
		{110BCF40-0A00-4EFC-B2CD-00D70F325808}.Debug|Any CPU.Deploy.0 = Debug|Any CPU
		{110BCF40-0A00-4EFC-B2CD-00D70F325808}.Debug|ARM.ActiveCfg = Debug|Any CPU
		{110BCF40-0A00-4EFC-B2CD-00D70F325808}.Debug|ARM.Build.0 = Debug|Any CPU
		{110BCF40-0A00-4EFC-B2CD-00D70F325808}.Debug|ARM.Deploy.0 = Debug|Any CPU
		{110BCF40-0A00-4EFC-B2CD-00D70F325808}.Debug|iPhone.ActiveCfg = Debug|Any CPU
		{110BCF40-0A00-4EFC-B2CD-00D70F325808}.Debug|iPhone.Build.0 = Debug|Any CPU
		{110BCF40-0A00-4EFC-B2CD-00D70F325808}.Debug|iPhone.Deploy.0 = Debug|Any CPU
		{110BCF40-0A00-4EFC-B2CD-00D70F325808}.Debug|iPhoneSimulator.ActiveCfg = Debug|Any CPU
		{110BCF40-0A00-4EFC-B2CD-00D70F325808}.Debug|iPhoneSimulator.Build.0 = Debug|Any CPU
		{110BCF40-0A00-4EFC-B2CD-00D70F325808}.Debug|iPhoneSimulator.Deploy.0 = Debug|Any CPU
		{110BCF40-0A00-4EFC-B2CD-00D70F325808}.Debug|x64.ActiveCfg = Debug|Any CPU
		{110BCF40-0A00-4EFC-B2CD-00D70F325808}.Debug|x64.Build.0 = Debug|Any CPU
		{110BCF40-0A00-4EFC-B2CD-00D70F325808}.Debug|x64.Deploy.0 = Debug|Any CPU
		{110BCF40-0A00-4EFC-B2CD-00D70F325808}.Debug|x86.ActiveCfg = Debug|Any CPU
		{110BCF40-0A00-4EFC-B2CD-00D70F325808}.Debug|x86.Build.0 = Debug|Any CPU
		{110BCF40-0A00-4EFC-B2CD-00D70F325808}.Debug|x86.Deploy.0 = Debug|Any CPU
		{110BCF40-0A00-4EFC-B2CD-00D70F325808}.Release|Any CPU.ActiveCfg = Release|Any CPU
		{110BCF40-0A00-4EFC-B2CD-00D70F325808}.Release|Any CPU.Build.0 = Release|Any CPU
		{110BCF40-0A00-4EFC-B2CD-00D70F325808}.Release|Any CPU.Deploy.0 = Release|Any CPU
		{110BCF40-0A00-4EFC-B2CD-00D70F325808}.Release|ARM.ActiveCfg = Release|Any CPU
		{110BCF40-0A00-4EFC-B2CD-00D70F325808}.Release|ARM.Build.0 = Release|Any CPU
		{110BCF40-0A00-4EFC-B2CD-00D70F325808}.Release|ARM.Deploy.0 = Release|Any CPU
		{110BCF40-0A00-4EFC-B2CD-00D70F325808}.Release|iPhone.ActiveCfg = Release|Any CPU
		{110BCF40-0A00-4EFC-B2CD-00D70F325808}.Release|iPhone.Build.0 = Release|Any CPU
		{110BCF40-0A00-4EFC-B2CD-00D70F325808}.Release|iPhone.Deploy.0 = Release|Any CPU
		{110BCF40-0A00-4EFC-B2CD-00D70F325808}.Release|iPhoneSimulator.ActiveCfg = Release|Any CPU
		{110BCF40-0A00-4EFC-B2CD-00D70F325808}.Release|iPhoneSimulator.Build.0 = Release|Any CPU
		{110BCF40-0A00-4EFC-B2CD-00D70F325808}.Release|iPhoneSimulator.Deploy.0 = Release|Any CPU
		{110BCF40-0A00-4EFC-B2CD-00D70F325808}.Release|x64.ActiveCfg = Release|Any CPU
		{110BCF40-0A00-4EFC-B2CD-00D70F325808}.Release|x64.Build.0 = Release|Any CPU
		{110BCF40-0A00-4EFC-B2CD-00D70F325808}.Release|x64.Deploy.0 = Release|Any CPU
		{110BCF40-0A00-4EFC-B2CD-00D70F325808}.Release|x86.ActiveCfg = Release|Any CPU
		{110BCF40-0A00-4EFC-B2CD-00D70F325808}.Release|x86.Build.0 = Release|Any CPU
		{110BCF40-0A00-4EFC-B2CD-00D70F325808}.Release|x86.Deploy.0 = Release|Any CPU
		{535040E9-42F8-4AB3-BFDB-3E068EC88C28}.Ad-Hoc|Any CPU.ActiveCfg = Ad-Hoc|iPhone
		{535040E9-42F8-4AB3-BFDB-3E068EC88C28}.Ad-Hoc|ARM.ActiveCfg = Ad-Hoc|iPhone
		{535040E9-42F8-4AB3-BFDB-3E068EC88C28}.Ad-Hoc|iPhone.ActiveCfg = Ad-Hoc|iPhone
		{535040E9-42F8-4AB3-BFDB-3E068EC88C28}.Ad-Hoc|iPhone.Build.0 = Ad-Hoc|iPhone
		{535040E9-42F8-4AB3-BFDB-3E068EC88C28}.Ad-Hoc|iPhoneSimulator.ActiveCfg = Ad-Hoc|iPhoneSimulator
		{535040E9-42F8-4AB3-BFDB-3E068EC88C28}.Ad-Hoc|iPhoneSimulator.Build.0 = Ad-Hoc|iPhoneSimulator
		{535040E9-42F8-4AB3-BFDB-3E068EC88C28}.Ad-Hoc|x64.ActiveCfg = Ad-Hoc|iPhone
		{535040E9-42F8-4AB3-BFDB-3E068EC88C28}.Ad-Hoc|x86.ActiveCfg = Ad-Hoc|iPhone
		{535040E9-42F8-4AB3-BFDB-3E068EC88C28}.AppStore|Any CPU.ActiveCfg = AppStore|iPhone
		{535040E9-42F8-4AB3-BFDB-3E068EC88C28}.AppStore|ARM.ActiveCfg = AppStore|iPhone
		{535040E9-42F8-4AB3-BFDB-3E068EC88C28}.AppStore|iPhone.ActiveCfg = AppStore|iPhone
		{535040E9-42F8-4AB3-BFDB-3E068EC88C28}.AppStore|iPhone.Build.0 = AppStore|iPhone
		{535040E9-42F8-4AB3-BFDB-3E068EC88C28}.AppStore|iPhoneSimulator.ActiveCfg = AppStore|iPhoneSimulator
		{535040E9-42F8-4AB3-BFDB-3E068EC88C28}.AppStore|iPhoneSimulator.Build.0 = AppStore|iPhoneSimulator
		{535040E9-42F8-4AB3-BFDB-3E068EC88C28}.AppStore|x64.ActiveCfg = AppStore|iPhone
		{535040E9-42F8-4AB3-BFDB-3E068EC88C28}.AppStore|x86.ActiveCfg = AppStore|iPhone
		{535040E9-42F8-4AB3-BFDB-3E068EC88C28}.Debug|Any CPU.ActiveCfg = Debug|iPhone
		{535040E9-42F8-4AB3-BFDB-3E068EC88C28}.Debug|ARM.ActiveCfg = Debug|iPhone
		{535040E9-42F8-4AB3-BFDB-3E068EC88C28}.Debug|iPhone.ActiveCfg = Debug|iPhone
		{535040E9-42F8-4AB3-BFDB-3E068EC88C28}.Debug|iPhone.Build.0 = Debug|iPhone
		{535040E9-42F8-4AB3-BFDB-3E068EC88C28}.Debug|iPhoneSimulator.ActiveCfg = Debug|iPhoneSimulator
		{535040E9-42F8-4AB3-BFDB-3E068EC88C28}.Debug|iPhoneSimulator.Build.0 = Debug|iPhoneSimulator
		{535040E9-42F8-4AB3-BFDB-3E068EC88C28}.Debug|x64.ActiveCfg = Debug|iPhone
		{535040E9-42F8-4AB3-BFDB-3E068EC88C28}.Debug|x86.ActiveCfg = Debug|iPhone
		{535040E9-42F8-4AB3-BFDB-3E068EC88C28}.Release|Any CPU.ActiveCfg = Release|iPhone
		{535040E9-42F8-4AB3-BFDB-3E068EC88C28}.Release|ARM.ActiveCfg = Release|iPhone
		{535040E9-42F8-4AB3-BFDB-3E068EC88C28}.Release|iPhone.ActiveCfg = Release|iPhone
		{535040E9-42F8-4AB3-BFDB-3E068EC88C28}.Release|iPhone.Build.0 = Release|iPhone
		{535040E9-42F8-4AB3-BFDB-3E068EC88C28}.Release|iPhoneSimulator.ActiveCfg = Release|iPhoneSimulator
		{535040E9-42F8-4AB3-BFDB-3E068EC88C28}.Release|iPhoneSimulator.Build.0 = Release|iPhoneSimulator
		{535040E9-42F8-4AB3-BFDB-3E068EC88C28}.Release|x64.ActiveCfg = Release|iPhone
		{535040E9-42F8-4AB3-BFDB-3E068EC88C28}.Release|x86.ActiveCfg = Release|iPhone
		{1FBD9A0C-D972-49C7-AC8B-48C8991FB19B}.Ad-Hoc|Any CPU.ActiveCfg = Release|x86
		{1FBD9A0C-D972-49C7-AC8B-48C8991FB19B}.Ad-Hoc|Any CPU.Build.0 = Release|x86
		{1FBD9A0C-D972-49C7-AC8B-48C8991FB19B}.Ad-Hoc|Any CPU.Deploy.0 = Release|x86
		{1FBD9A0C-D972-49C7-AC8B-48C8991FB19B}.Ad-Hoc|ARM.ActiveCfg = Release|ARM
		{1FBD9A0C-D972-49C7-AC8B-48C8991FB19B}.Ad-Hoc|ARM.Build.0 = Release|ARM
		{1FBD9A0C-D972-49C7-AC8B-48C8991FB19B}.Ad-Hoc|ARM.Deploy.0 = Release|ARM
		{1FBD9A0C-D972-49C7-AC8B-48C8991FB19B}.Ad-Hoc|iPhone.ActiveCfg = Release|x86
		{1FBD9A0C-D972-49C7-AC8B-48C8991FB19B}.Ad-Hoc|iPhone.Build.0 = Release|x86
		{1FBD9A0C-D972-49C7-AC8B-48C8991FB19B}.Ad-Hoc|iPhone.Deploy.0 = Release|x86
		{1FBD9A0C-D972-49C7-AC8B-48C8991FB19B}.Ad-Hoc|iPhoneSimulator.ActiveCfg = Release|x86
		{1FBD9A0C-D972-49C7-AC8B-48C8991FB19B}.Ad-Hoc|iPhoneSimulator.Build.0 = Release|x86
		{1FBD9A0C-D972-49C7-AC8B-48C8991FB19B}.Ad-Hoc|iPhoneSimulator.Deploy.0 = Release|x86
		{1FBD9A0C-D972-49C7-AC8B-48C8991FB19B}.Ad-Hoc|x64.ActiveCfg = Release|x64
		{1FBD9A0C-D972-49C7-AC8B-48C8991FB19B}.Ad-Hoc|x64.Build.0 = Release|x64
		{1FBD9A0C-D972-49C7-AC8B-48C8991FB19B}.Ad-Hoc|x64.Deploy.0 = Release|x64
		{1FBD9A0C-D972-49C7-AC8B-48C8991FB19B}.Ad-Hoc|x86.ActiveCfg = Release|x86
		{1FBD9A0C-D972-49C7-AC8B-48C8991FB19B}.Ad-Hoc|x86.Build.0 = Release|x86
		{1FBD9A0C-D972-49C7-AC8B-48C8991FB19B}.Ad-Hoc|x86.Deploy.0 = Release|x86
		{1FBD9A0C-D972-49C7-AC8B-48C8991FB19B}.AppStore|Any CPU.ActiveCfg = Release|x86
		{1FBD9A0C-D972-49C7-AC8B-48C8991FB19B}.AppStore|Any CPU.Build.0 = Release|x86
		{1FBD9A0C-D972-49C7-AC8B-48C8991FB19B}.AppStore|Any CPU.Deploy.0 = Release|x86
		{1FBD9A0C-D972-49C7-AC8B-48C8991FB19B}.AppStore|ARM.ActiveCfg = Release|ARM
		{1FBD9A0C-D972-49C7-AC8B-48C8991FB19B}.AppStore|ARM.Build.0 = Release|ARM
		{1FBD9A0C-D972-49C7-AC8B-48C8991FB19B}.AppStore|ARM.Deploy.0 = Release|ARM
		{1FBD9A0C-D972-49C7-AC8B-48C8991FB19B}.AppStore|iPhone.ActiveCfg = Release|x86
		{1FBD9A0C-D972-49C7-AC8B-48C8991FB19B}.AppStore|iPhone.Build.0 = Release|x86
		{1FBD9A0C-D972-49C7-AC8B-48C8991FB19B}.AppStore|iPhone.Deploy.0 = Release|x86
		{1FBD9A0C-D972-49C7-AC8B-48C8991FB19B}.AppStore|iPhoneSimulator.ActiveCfg = Release|x86
		{1FBD9A0C-D972-49C7-AC8B-48C8991FB19B}.AppStore|iPhoneSimulator.Build.0 = Release|x86
		{1FBD9A0C-D972-49C7-AC8B-48C8991FB19B}.AppStore|iPhoneSimulator.Deploy.0 = Release|x86
		{1FBD9A0C-D972-49C7-AC8B-48C8991FB19B}.AppStore|x64.ActiveCfg = Release|x64
		{1FBD9A0C-D972-49C7-AC8B-48C8991FB19B}.AppStore|x64.Build.0 = Release|x64
		{1FBD9A0C-D972-49C7-AC8B-48C8991FB19B}.AppStore|x64.Deploy.0 = Release|x64
		{1FBD9A0C-D972-49C7-AC8B-48C8991FB19B}.AppStore|x86.ActiveCfg = Release|x86
		{1FBD9A0C-D972-49C7-AC8B-48C8991FB19B}.AppStore|x86.Build.0 = Release|x86
		{1FBD9A0C-D972-49C7-AC8B-48C8991FB19B}.AppStore|x86.Deploy.0 = Release|x86
		{1FBD9A0C-D972-49C7-AC8B-48C8991FB19B}.Debug|Any CPU.ActiveCfg = Debug|x86
		{1FBD9A0C-D972-49C7-AC8B-48C8991FB19B}.Debug|ARM.ActiveCfg = Debug|ARM
		{1FBD9A0C-D972-49C7-AC8B-48C8991FB19B}.Debug|ARM.Build.0 = Debug|ARM
		{1FBD9A0C-D972-49C7-AC8B-48C8991FB19B}.Debug|ARM.Deploy.0 = Debug|ARM
		{1FBD9A0C-D972-49C7-AC8B-48C8991FB19B}.Debug|iPhone.ActiveCfg = Debug|x86
		{1FBD9A0C-D972-49C7-AC8B-48C8991FB19B}.Debug|iPhoneSimulator.ActiveCfg = Debug|x86
		{1FBD9A0C-D972-49C7-AC8B-48C8991FB19B}.Debug|x64.ActiveCfg = Debug|x64
		{1FBD9A0C-D972-49C7-AC8B-48C8991FB19B}.Debug|x64.Build.0 = Debug|x64
		{1FBD9A0C-D972-49C7-AC8B-48C8991FB19B}.Debug|x64.Deploy.0 = Debug|x64
		{1FBD9A0C-D972-49C7-AC8B-48C8991FB19B}.Debug|x86.ActiveCfg = Debug|x86
		{1FBD9A0C-D972-49C7-AC8B-48C8991FB19B}.Debug|x86.Build.0 = Debug|x86
		{1FBD9A0C-D972-49C7-AC8B-48C8991FB19B}.Debug|x86.Deploy.0 = Debug|x86
		{1FBD9A0C-D972-49C7-AC8B-48C8991FB19B}.Release|Any CPU.ActiveCfg = Release|x86
		{1FBD9A0C-D972-49C7-AC8B-48C8991FB19B}.Release|ARM.ActiveCfg = Release|ARM
		{1FBD9A0C-D972-49C7-AC8B-48C8991FB19B}.Release|ARM.Build.0 = Release|ARM
		{1FBD9A0C-D972-49C7-AC8B-48C8991FB19B}.Release|ARM.Deploy.0 = Release|ARM
		{1FBD9A0C-D972-49C7-AC8B-48C8991FB19B}.Release|iPhone.ActiveCfg = Release|x86
		{1FBD9A0C-D972-49C7-AC8B-48C8991FB19B}.Release|iPhoneSimulator.ActiveCfg = Release|x86
		{1FBD9A0C-D972-49C7-AC8B-48C8991FB19B}.Release|x64.ActiveCfg = Release|x64
		{1FBD9A0C-D972-49C7-AC8B-48C8991FB19B}.Release|x64.Build.0 = Release|x64
		{1FBD9A0C-D972-49C7-AC8B-48C8991FB19B}.Release|x64.Deploy.0 = Release|x64
		{1FBD9A0C-D972-49C7-AC8B-48C8991FB19B}.Release|x86.ActiveCfg = Release|x86
		{1FBD9A0C-D972-49C7-AC8B-48C8991FB19B}.Release|x86.Build.0 = Release|x86
		{1FBD9A0C-D972-49C7-AC8B-48C8991FB19B}.Release|x86.Deploy.0 = Release|x86
		{0E410856-9421-47E2-BBC1-16D2D23A8E01}.Ad-Hoc|Any CPU.ActiveCfg = Debug|Any CPU
		{0E410856-9421-47E2-BBC1-16D2D23A8E01}.Ad-Hoc|Any CPU.Build.0 = Debug|Any CPU
		{0E410856-9421-47E2-BBC1-16D2D23A8E01}.Ad-Hoc|ARM.ActiveCfg = Debug|Any CPU
		{0E410856-9421-47E2-BBC1-16D2D23A8E01}.Ad-Hoc|ARM.Build.0 = Debug|Any CPU
		{0E410856-9421-47E2-BBC1-16D2D23A8E01}.Ad-Hoc|iPhone.ActiveCfg = Debug|Any CPU
		{0E410856-9421-47E2-BBC1-16D2D23A8E01}.Ad-Hoc|iPhone.Build.0 = Debug|Any CPU
		{0E410856-9421-47E2-BBC1-16D2D23A8E01}.Ad-Hoc|iPhoneSimulator.ActiveCfg = Debug|Any CPU
		{0E410856-9421-47E2-BBC1-16D2D23A8E01}.Ad-Hoc|iPhoneSimulator.Build.0 = Debug|Any CPU
		{0E410856-9421-47E2-BBC1-16D2D23A8E01}.Ad-Hoc|x64.ActiveCfg = Debug|Any CPU
		{0E410856-9421-47E2-BBC1-16D2D23A8E01}.Ad-Hoc|x64.Build.0 = Debug|Any CPU
		{0E410856-9421-47E2-BBC1-16D2D23A8E01}.Ad-Hoc|x86.ActiveCfg = Debug|Any CPU
		{0E410856-9421-47E2-BBC1-16D2D23A8E01}.Ad-Hoc|x86.Build.0 = Debug|Any CPU
		{0E410856-9421-47E2-BBC1-16D2D23A8E01}.AppStore|Any CPU.ActiveCfg = Debug|Any CPU
		{0E410856-9421-47E2-BBC1-16D2D23A8E01}.AppStore|Any CPU.Build.0 = Debug|Any CPU
		{0E410856-9421-47E2-BBC1-16D2D23A8E01}.AppStore|ARM.ActiveCfg = Debug|Any CPU
		{0E410856-9421-47E2-BBC1-16D2D23A8E01}.AppStore|ARM.Build.0 = Debug|Any CPU
		{0E410856-9421-47E2-BBC1-16D2D23A8E01}.AppStore|iPhone.ActiveCfg = Debug|Any CPU
		{0E410856-9421-47E2-BBC1-16D2D23A8E01}.AppStore|iPhone.Build.0 = Debug|Any CPU
		{0E410856-9421-47E2-BBC1-16D2D23A8E01}.AppStore|iPhoneSimulator.ActiveCfg = Debug|Any CPU
		{0E410856-9421-47E2-BBC1-16D2D23A8E01}.AppStore|iPhoneSimulator.Build.0 = Debug|Any CPU
		{0E410856-9421-47E2-BBC1-16D2D23A8E01}.AppStore|x64.ActiveCfg = Debug|Any CPU
		{0E410856-9421-47E2-BBC1-16D2D23A8E01}.AppStore|x64.Build.0 = Debug|Any CPU
		{0E410856-9421-47E2-BBC1-16D2D23A8E01}.AppStore|x86.ActiveCfg = Debug|Any CPU
		{0E410856-9421-47E2-BBC1-16D2D23A8E01}.AppStore|x86.Build.0 = Debug|Any CPU
		{0E410856-9421-47E2-BBC1-16D2D23A8E01}.Debug|Any CPU.ActiveCfg = Debug|Any CPU
		{0E410856-9421-47E2-BBC1-16D2D23A8E01}.Debug|Any CPU.Build.0 = Debug|Any CPU
		{0E410856-9421-47E2-BBC1-16D2D23A8E01}.Debug|ARM.ActiveCfg = Debug|Any CPU
		{0E410856-9421-47E2-BBC1-16D2D23A8E01}.Debug|ARM.Build.0 = Debug|Any CPU
		{0E410856-9421-47E2-BBC1-16D2D23A8E01}.Debug|iPhone.ActiveCfg = Debug|Any CPU
		{0E410856-9421-47E2-BBC1-16D2D23A8E01}.Debug|iPhone.Build.0 = Debug|Any CPU
		{0E410856-9421-47E2-BBC1-16D2D23A8E01}.Debug|iPhoneSimulator.ActiveCfg = Debug|Any CPU
		{0E410856-9421-47E2-BBC1-16D2D23A8E01}.Debug|iPhoneSimulator.Build.0 = Debug|Any CPU
		{0E410856-9421-47E2-BBC1-16D2D23A8E01}.Debug|x64.ActiveCfg = Debug|Any CPU
		{0E410856-9421-47E2-BBC1-16D2D23A8E01}.Debug|x64.Build.0 = Debug|Any CPU
		{0E410856-9421-47E2-BBC1-16D2D23A8E01}.Debug|x86.ActiveCfg = Debug|Any CPU
		{0E410856-9421-47E2-BBC1-16D2D23A8E01}.Debug|x86.Build.0 = Debug|Any CPU
		{0E410856-9421-47E2-BBC1-16D2D23A8E01}.Release|Any CPU.ActiveCfg = Release|Any CPU
		{0E410856-9421-47E2-BBC1-16D2D23A8E01}.Release|Any CPU.Build.0 = Release|Any CPU
		{0E410856-9421-47E2-BBC1-16D2D23A8E01}.Release|ARM.ActiveCfg = Release|Any CPU
		{0E410856-9421-47E2-BBC1-16D2D23A8E01}.Release|ARM.Build.0 = Release|Any CPU
		{0E410856-9421-47E2-BBC1-16D2D23A8E01}.Release|iPhone.ActiveCfg = Release|Any CPU
		{0E410856-9421-47E2-BBC1-16D2D23A8E01}.Release|iPhone.Build.0 = Release|Any CPU
		{0E410856-9421-47E2-BBC1-16D2D23A8E01}.Release|iPhoneSimulator.ActiveCfg = Release|Any CPU
		{0E410856-9421-47E2-BBC1-16D2D23A8E01}.Release|iPhoneSimulator.Build.0 = Release|Any CPU
		{0E410856-9421-47E2-BBC1-16D2D23A8E01}.Release|x64.ActiveCfg = Release|Any CPU
		{0E410856-9421-47E2-BBC1-16D2D23A8E01}.Release|x64.Build.0 = Release|Any CPU
		{0E410856-9421-47E2-BBC1-16D2D23A8E01}.Release|x86.ActiveCfg = Release|Any CPU
		{0E410856-9421-47E2-BBC1-16D2D23A8E01}.Release|x86.Build.0 = Release|Any CPU
		{9E24E237-156B-415C-8CF9-95162F5B3455}.Ad-Hoc|Any CPU.ActiveCfg = Debug|Any CPU
		{9E24E237-156B-415C-8CF9-95162F5B3455}.Ad-Hoc|Any CPU.Build.0 = Debug|Any CPU
		{9E24E237-156B-415C-8CF9-95162F5B3455}.Ad-Hoc|ARM.ActiveCfg = Debug|Any CPU
		{9E24E237-156B-415C-8CF9-95162F5B3455}.Ad-Hoc|ARM.Build.0 = Debug|Any CPU
		{9E24E237-156B-415C-8CF9-95162F5B3455}.Ad-Hoc|iPhone.ActiveCfg = Debug|Any CPU
		{9E24E237-156B-415C-8CF9-95162F5B3455}.Ad-Hoc|iPhone.Build.0 = Debug|Any CPU
		{9E24E237-156B-415C-8CF9-95162F5B3455}.Ad-Hoc|iPhoneSimulator.ActiveCfg = Debug|Any CPU
		{9E24E237-156B-415C-8CF9-95162F5B3455}.Ad-Hoc|iPhoneSimulator.Build.0 = Debug|Any CPU
		{9E24E237-156B-415C-8CF9-95162F5B3455}.Ad-Hoc|x64.ActiveCfg = Debug|Any CPU
		{9E24E237-156B-415C-8CF9-95162F5B3455}.Ad-Hoc|x64.Build.0 = Debug|Any CPU
		{9E24E237-156B-415C-8CF9-95162F5B3455}.Ad-Hoc|x86.ActiveCfg = Debug|Any CPU
		{9E24E237-156B-415C-8CF9-95162F5B3455}.Ad-Hoc|x86.Build.0 = Debug|Any CPU
		{9E24E237-156B-415C-8CF9-95162F5B3455}.AppStore|Any CPU.ActiveCfg = Debug|Any CPU
		{9E24E237-156B-415C-8CF9-95162F5B3455}.AppStore|Any CPU.Build.0 = Debug|Any CPU
		{9E24E237-156B-415C-8CF9-95162F5B3455}.AppStore|ARM.ActiveCfg = Debug|Any CPU
		{9E24E237-156B-415C-8CF9-95162F5B3455}.AppStore|ARM.Build.0 = Debug|Any CPU
		{9E24E237-156B-415C-8CF9-95162F5B3455}.AppStore|iPhone.ActiveCfg = Debug|Any CPU
		{9E24E237-156B-415C-8CF9-95162F5B3455}.AppStore|iPhone.Build.0 = Debug|Any CPU
		{9E24E237-156B-415C-8CF9-95162F5B3455}.AppStore|iPhoneSimulator.ActiveCfg = Debug|Any CPU
		{9E24E237-156B-415C-8CF9-95162F5B3455}.AppStore|iPhoneSimulator.Build.0 = Debug|Any CPU
		{9E24E237-156B-415C-8CF9-95162F5B3455}.AppStore|x64.ActiveCfg = Debug|Any CPU
		{9E24E237-156B-415C-8CF9-95162F5B3455}.AppStore|x64.Build.0 = Debug|Any CPU
		{9E24E237-156B-415C-8CF9-95162F5B3455}.AppStore|x86.ActiveCfg = Debug|Any CPU
		{9E24E237-156B-415C-8CF9-95162F5B3455}.AppStore|x86.Build.0 = Debug|Any CPU
		{9E24E237-156B-415C-8CF9-95162F5B3455}.Debug|Any CPU.ActiveCfg = Debug|Any CPU
		{9E24E237-156B-415C-8CF9-95162F5B3455}.Debug|Any CPU.Build.0 = Debug|Any CPU
		{9E24E237-156B-415C-8CF9-95162F5B3455}.Debug|ARM.ActiveCfg = Debug|Any CPU
		{9E24E237-156B-415C-8CF9-95162F5B3455}.Debug|ARM.Build.0 = Debug|Any CPU
		{9E24E237-156B-415C-8CF9-95162F5B3455}.Debug|iPhone.ActiveCfg = Debug|Any CPU
		{9E24E237-156B-415C-8CF9-95162F5B3455}.Debug|iPhone.Build.0 = Debug|Any CPU
		{9E24E237-156B-415C-8CF9-95162F5B3455}.Debug|iPhoneSimulator.ActiveCfg = Debug|Any CPU
		{9E24E237-156B-415C-8CF9-95162F5B3455}.Debug|iPhoneSimulator.Build.0 = Debug|Any CPU
		{9E24E237-156B-415C-8CF9-95162F5B3455}.Debug|x64.ActiveCfg = Debug|Any CPU
		{9E24E237-156B-415C-8CF9-95162F5B3455}.Debug|x64.Build.0 = Debug|Any CPU
		{9E24E237-156B-415C-8CF9-95162F5B3455}.Debug|x86.ActiveCfg = Debug|Any CPU
		{9E24E237-156B-415C-8CF9-95162F5B3455}.Debug|x86.Build.0 = Debug|Any CPU
		{9E24E237-156B-415C-8CF9-95162F5B3455}.Release|Any CPU.ActiveCfg = Release|Any CPU
		{9E24E237-156B-415C-8CF9-95162F5B3455}.Release|Any CPU.Build.0 = Release|Any CPU
		{9E24E237-156B-415C-8CF9-95162F5B3455}.Release|ARM.ActiveCfg = Release|Any CPU
		{9E24E237-156B-415C-8CF9-95162F5B3455}.Release|ARM.Build.0 = Release|Any CPU
		{9E24E237-156B-415C-8CF9-95162F5B3455}.Release|iPhone.ActiveCfg = Release|Any CPU
		{9E24E237-156B-415C-8CF9-95162F5B3455}.Release|iPhone.Build.0 = Release|Any CPU
		{9E24E237-156B-415C-8CF9-95162F5B3455}.Release|iPhoneSimulator.ActiveCfg = Release|Any CPU
		{9E24E237-156B-415C-8CF9-95162F5B3455}.Release|iPhoneSimulator.Build.0 = Release|Any CPU
		{9E24E237-156B-415C-8CF9-95162F5B3455}.Release|x64.ActiveCfg = Release|Any CPU
		{9E24E237-156B-415C-8CF9-95162F5B3455}.Release|x64.Build.0 = Release|Any CPU
		{9E24E237-156B-415C-8CF9-95162F5B3455}.Release|x86.ActiveCfg = Release|Any CPU
		{9E24E237-156B-415C-8CF9-95162F5B3455}.Release|x86.Build.0 = Release|Any CPU
		{9EF58171-5906-4618-95AE-0DA06BFE52EC}.Ad-Hoc|Any CPU.ActiveCfg = Debug|Any CPU
		{9EF58171-5906-4618-95AE-0DA06BFE52EC}.Ad-Hoc|Any CPU.Build.0 = Debug|Any CPU
		{9EF58171-5906-4618-95AE-0DA06BFE52EC}.Ad-Hoc|ARM.ActiveCfg = Debug|Any CPU
		{9EF58171-5906-4618-95AE-0DA06BFE52EC}.Ad-Hoc|ARM.Build.0 = Debug|Any CPU
		{9EF58171-5906-4618-95AE-0DA06BFE52EC}.Ad-Hoc|iPhone.ActiveCfg = Debug|Any CPU
		{9EF58171-5906-4618-95AE-0DA06BFE52EC}.Ad-Hoc|iPhone.Build.0 = Debug|Any CPU
		{9EF58171-5906-4618-95AE-0DA06BFE52EC}.Ad-Hoc|iPhoneSimulator.ActiveCfg = Debug|Any CPU
		{9EF58171-5906-4618-95AE-0DA06BFE52EC}.Ad-Hoc|iPhoneSimulator.Build.0 = Debug|Any CPU
		{9EF58171-5906-4618-95AE-0DA06BFE52EC}.Ad-Hoc|x64.ActiveCfg = Debug|Any CPU
		{9EF58171-5906-4618-95AE-0DA06BFE52EC}.Ad-Hoc|x64.Build.0 = Debug|Any CPU
		{9EF58171-5906-4618-95AE-0DA06BFE52EC}.Ad-Hoc|x86.ActiveCfg = Debug|Any CPU
		{9EF58171-5906-4618-95AE-0DA06BFE52EC}.Ad-Hoc|x86.Build.0 = Debug|Any CPU
		{9EF58171-5906-4618-95AE-0DA06BFE52EC}.AppStore|Any CPU.ActiveCfg = Debug|Any CPU
		{9EF58171-5906-4618-95AE-0DA06BFE52EC}.AppStore|Any CPU.Build.0 = Debug|Any CPU
		{9EF58171-5906-4618-95AE-0DA06BFE52EC}.AppStore|ARM.ActiveCfg = Debug|Any CPU
		{9EF58171-5906-4618-95AE-0DA06BFE52EC}.AppStore|ARM.Build.0 = Debug|Any CPU
		{9EF58171-5906-4618-95AE-0DA06BFE52EC}.AppStore|iPhone.ActiveCfg = Debug|Any CPU
		{9EF58171-5906-4618-95AE-0DA06BFE52EC}.AppStore|iPhone.Build.0 = Debug|Any CPU
		{9EF58171-5906-4618-95AE-0DA06BFE52EC}.AppStore|iPhoneSimulator.ActiveCfg = Debug|Any CPU
		{9EF58171-5906-4618-95AE-0DA06BFE52EC}.AppStore|iPhoneSimulator.Build.0 = Debug|Any CPU
		{9EF58171-5906-4618-95AE-0DA06BFE52EC}.AppStore|x64.ActiveCfg = Debug|Any CPU
		{9EF58171-5906-4618-95AE-0DA06BFE52EC}.AppStore|x64.Build.0 = Debug|Any CPU
		{9EF58171-5906-4618-95AE-0DA06BFE52EC}.AppStore|x86.ActiveCfg = Debug|Any CPU
		{9EF58171-5906-4618-95AE-0DA06BFE52EC}.AppStore|x86.Build.0 = Debug|Any CPU
		{9EF58171-5906-4618-95AE-0DA06BFE52EC}.Debug|Any CPU.ActiveCfg = Debug|Any CPU
		{9EF58171-5906-4618-95AE-0DA06BFE52EC}.Debug|Any CPU.Build.0 = Debug|Any CPU
		{9EF58171-5906-4618-95AE-0DA06BFE52EC}.Debug|ARM.ActiveCfg = Debug|Any CPU
		{9EF58171-5906-4618-95AE-0DA06BFE52EC}.Debug|ARM.Build.0 = Debug|Any CPU
		{9EF58171-5906-4618-95AE-0DA06BFE52EC}.Debug|iPhone.ActiveCfg = Debug|Any CPU
		{9EF58171-5906-4618-95AE-0DA06BFE52EC}.Debug|iPhone.Build.0 = Debug|Any CPU
		{9EF58171-5906-4618-95AE-0DA06BFE52EC}.Debug|iPhoneSimulator.ActiveCfg = Debug|Any CPU
		{9EF58171-5906-4618-95AE-0DA06BFE52EC}.Debug|iPhoneSimulator.Build.0 = Debug|Any CPU
		{9EF58171-5906-4618-95AE-0DA06BFE52EC}.Debug|x64.ActiveCfg = Debug|Any CPU
		{9EF58171-5906-4618-95AE-0DA06BFE52EC}.Debug|x64.Build.0 = Debug|Any CPU
		{9EF58171-5906-4618-95AE-0DA06BFE52EC}.Debug|x86.ActiveCfg = Debug|Any CPU
		{9EF58171-5906-4618-95AE-0DA06BFE52EC}.Debug|x86.Build.0 = Debug|Any CPU
		{9EF58171-5906-4618-95AE-0DA06BFE52EC}.Release|Any CPU.ActiveCfg = Release|Any CPU
		{9EF58171-5906-4618-95AE-0DA06BFE52EC}.Release|Any CPU.Build.0 = Release|Any CPU
		{9EF58171-5906-4618-95AE-0DA06BFE52EC}.Release|ARM.ActiveCfg = Release|Any CPU
		{9EF58171-5906-4618-95AE-0DA06BFE52EC}.Release|ARM.Build.0 = Release|Any CPU
		{9EF58171-5906-4618-95AE-0DA06BFE52EC}.Release|iPhone.ActiveCfg = Release|Any CPU
		{9EF58171-5906-4618-95AE-0DA06BFE52EC}.Release|iPhone.Build.0 = Release|Any CPU
		{9EF58171-5906-4618-95AE-0DA06BFE52EC}.Release|iPhoneSimulator.ActiveCfg = Release|Any CPU
		{9EF58171-5906-4618-95AE-0DA06BFE52EC}.Release|iPhoneSimulator.Build.0 = Release|Any CPU
		{9EF58171-5906-4618-95AE-0DA06BFE52EC}.Release|x64.ActiveCfg = Release|Any CPU
		{9EF58171-5906-4618-95AE-0DA06BFE52EC}.Release|x64.Build.0 = Release|Any CPU
		{9EF58171-5906-4618-95AE-0DA06BFE52EC}.Release|x86.ActiveCfg = Release|Any CPU
		{9EF58171-5906-4618-95AE-0DA06BFE52EC}.Release|x86.Build.0 = Release|Any CPU
	EndGlobalSection
	GlobalSection(SolutionProperties) = preSolution
		HideSolutionNode = FALSE
	EndGlobalSection
	GlobalSection(ExtensibilityGlobals) = postSolution
		SolutionGuid = {D60026A4-A542-4457-B70F-CF3C3314124B}
	EndGlobalSection
EndGlobal
